
Microsoft Visual Studio Solution File, Format Version 12.00
# Visual Studio Version 17
VisualStudioVersion = 17.1.32228.430
MinimumVisualStudioVersion = 10.0.40219.1
Project("{FAE04EC0-301F-11D3-BF4B-00C04F79EFBC}") = "Programa_2_Encapsulamiento_Abstracción_Polimorfismo", "Programa_2_Encapsulamiento_Abstracción_Polimorfismo\Programa_2_Encapsulamiento_Abstracción_Polimorfismo.csproj", "{61D46CFC-5E80-41FE-A3A1-76F157132315}"
EndProject
Global
	GlobalSection(SolutionConfigurationPlatforms) = preSolution
		Debug|Any CPU = Debug|Any CPU
		Release|Any CPU = Release|Any CPU
	EndGlobalSection
	GlobalSection(ProjectConfigurationPlatforms) = postSolution
		{61D46CFC-5E80-41FE-A3A1-76F157132315}.Debug|Any CPU.ActiveCfg = Debug|Any CPU
		{61D46CFC-5E80-41FE-A3A1-76F157132315}.Debug|Any CPU.Build.0 = Debug|Any CPU
		{61D46CFC-5E80-41FE-A3A1-76F157132315}.Release|Any CPU.ActiveCfg = Release|Any CPU
		{61D46CFC-5E80-41FE-A3A1-76F157132315}.Release|Any CPU.Build.0 = Release|Any CPU
	EndGlobalSection
	GlobalSection(SolutionProperties) = preSolution
		HideSolutionNode = FALSE
	EndGlobalSection
	GlobalSection(ExtensibilityGlobals) = postSolution
		SolutionGuid = {F84D96DB-371F-4477-BD7F-C045BB140036}
	EndGlobalSection
EndGlobal
